
Microsoft Visual Studio Solution File, Format Version 12.00
# Visual Studio Version 16
VisualStudioVersion = 16.0.30128.74
MinimumVisualStudioVersion = 10.0.40219.1
Project("{FAE04EC0-301F-11D3-BF4B-00C04F79EFBC}") = "MyClasses", "MyClasses\MyClasses.csproj", "{944DE35D-8BB7-48BF-92FD-B459D6D00AE1}"
EndProject
Project("{FAE04EC0-301F-11D3-BF4B-00C04F79EFBC}") = "MyClassesTest", "MyClassesTest\MyClassesTest.csproj", "{F750B593-335B-4C78-9A81-B5D030E482B8}"
EndProject
Global
	GlobalSection(SolutionConfigurationPlatforms) = preSolution
		Debug|Any CPU = Debug|Any CPU
		Release|Any CPU = Release|Any CPU
	EndGlobalSection
	GlobalSection(ProjectConfigurationPlatforms) = postSolution
		{944DE35D-8BB7-48BF-92FD-B459D6D00AE1}.Debug|Any CPU.ActiveCfg = Debug|Any CPU
		{944DE35D-8BB7-48BF-92FD-B459D6D00AE1}.Debug|Any CPU.Build.0 = Debug|Any CPU
		{944DE35D-8BB7-48BF-92FD-B459D6D00AE1}.Release|Any CPU.ActiveCfg = Release|Any CPU
		{944DE35D-8BB7-48BF-92FD-B459D6D00AE1}.Release|Any CPU.Build.0 = Release|Any CPU
		{F750B593-335B-4C78-9A81-B5D030E482B8}.Debug|Any CPU.ActiveCfg = Debug|Any CPU
		{F750B593-335B-4C78-9A81-B5D030E482B8}.Debug|Any CPU.Build.0 = Debug|Any CPU
		{F750B593-335B-4C78-9A81-B5D030E482B8}.Release|Any CPU.ActiveCfg = Release|Any CPU
		{F750B593-335B-4C78-9A81-B5D030E482B8}.Release|Any CPU.Build.0 = Release|Any CPU
	EndGlobalSection
	GlobalSection(SolutionProperties) = preSolution
		HideSolutionNode = FALSE
	EndGlobalSection
	GlobalSection(ExtensibilityGlobals) = postSolution
		SolutionGuid = {54CBA451-EB2E-4C30-AE54-37481E5B6997}
	EndGlobalSection
EndGlobal
